
Microsoft Visual Studio Solution File, Format Version 12.00
# Visual Studio Version 16
VisualStudioVersion = 16.0.29613.14
MinimumVisualStudioVersion = 10.0.40219.1
Project("{FAE04EC0-301F-11D3-BF4B-00C04F79EFBC}") = "SuperLuncherWPF", "SuperLuncherWPF\SuperLuncherWPF.csproj", "{9272D675-72AF-4B87-A17C-B04869B670DA}"
EndProject
Project("{FAE04EC0-301F-11D3-BF4B-00C04F79EFBC}") = "SuperLuncherLibrary", "SuperLuncherLibrary\SuperLuncherLibrary.csproj", "{021E4177-4592-4B48-9595-DF09EA6B94B3}"
EndProject
Project("{FAE04EC0-301F-11D3-BF4B-00C04F79EFBC}") = "SuperLuncherTests", "SuperLuncherTests\SuperLuncherTests.csproj", "{6CCA7E13-C05E-420D-A05D-9B77CA0FA553}"
EndProject
Global
	GlobalSection(SolutionConfigurationPlatforms) = preSolution
		Debug|Any CPU = Debug|Any CPU
		Release|Any CPU = Release|Any CPU
	EndGlobalSection
	GlobalSection(ProjectConfigurationPlatforms) = postSolution
		{9272D675-72AF-4B87-A17C-B04869B670DA}.Debug|Any CPU.ActiveCfg = Debug|Any CPU
		{9272D675-72AF-4B87-A17C-B04869B670DA}.Debug|Any CPU.Build.0 = Debug|Any CPU
		{9272D675-72AF-4B87-A17C-B04869B670DA}.Release|Any CPU.ActiveCfg = Release|Any CPU
		{9272D675-72AF-4B87-A17C-B04869B670DA}.Release|Any CPU.Build.0 = Release|Any CPU
		{021E4177-4592-4B48-9595-DF09EA6B94B3}.Debug|Any CPU.ActiveCfg = Debug|Any CPU
		{021E4177-4592-4B48-9595-DF09EA6B94B3}.Debug|Any CPU.Build.0 = Debug|Any CPU
		{021E4177-4592-4B48-9595-DF09EA6B94B3}.Release|Any CPU.ActiveCfg = Release|Any CPU
		{021E4177-4592-4B48-9595-DF09EA6B94B3}.Release|Any CPU.Build.0 = Release|Any CPU
		{6CCA7E13-C05E-420D-A05D-9B77CA0FA553}.Debug|Any CPU.ActiveCfg = Debug|Any CPU
		{6CCA7E13-C05E-420D-A05D-9B77CA0FA553}.Debug|Any CPU.Build.0 = Debug|Any CPU
		{6CCA7E13-C05E-420D-A05D-9B77CA0FA553}.Release|Any CPU.ActiveCfg = Release|Any CPU
		{6CCA7E13-C05E-420D-A05D-9B77CA0FA553}.Release|Any CPU.Build.0 = Release|Any CPU
	EndGlobalSection
	GlobalSection(SolutionProperties) = preSolution
		HideSolutionNode = FALSE
	EndGlobalSection
	GlobalSection(ExtensibilityGlobals) = postSolution
		SolutionGuid = {007FA5AF-68C4-4C16-B2D4-6951AE515580}
	EndGlobalSection
EndGlobal
